
Microsoft Visual Studio Solution File, Format Version 12.00
# Visual Studio 15
VisualStudioVersion = 15.0.27703.2047
MinimumVisualStudioVersion = 10.0.40219.1
Project("{FAE04EC0-301F-11D3-BF4B-00C04F79EFBC}") = "01", "01\01.csproj", "{03ED2D8A-6CD0-4DCC-BD15-756D69DB9AAF}"
EndProject
Project("{FAE04EC0-301F-11D3-BF4B-00C04F79EFBC}") = "02", "02\02.csproj", "{C33D189F-D48D-4344-A663-9ABDCAFD20E6}"
EndProject
Project("{FAE04EC0-301F-11D3-BF4B-00C04F79EFBC}") = "03", "03\03.csproj", "{EB9B1CD7-498B-47A9-A364-2DCFC3A27DCD}"
EndProject
Project("{FAE04EC0-301F-11D3-BF4B-00C04F79EFBC}") = "04", "04\04.csproj", "{3F788FBA-327C-46E5-91BD-61B1E59E96C8}"
EndProject
Project("{FAE04EC0-301F-11D3-BF4B-00C04F79EFBC}") = "05", "05\05.csproj", "{28B12E65-0827-47B1-98E0-43A0AB3F53BF}"
EndProject
Project("{FAE04EC0-301F-11D3-BF4B-00C04F79EFBC}") = "06", "06\06.csproj", "{A74ECD1D-543F-4428-A15C-D0E150509EBC}"
EndProject
Project("{FAE04EC0-301F-11D3-BF4B-00C04F79EFBC}") = "07", "07\07.csproj", "{B3DE7EE4-AD1B-42D0-856C-8847FFDF52E0}"
EndProject
Project("{FAE04EC0-301F-11D3-BF4B-00C04F79EFBC}") = "08", "08\08.csproj", "{CDC990FF-1EE5-43A6-BF84-EAD4069B869E}"
EndProject
Project("{FAE04EC0-301F-11D3-BF4B-00C04F79EFBC}") = "09", "09\09.csproj", "{ECBF90B5-4D69-4D53-A897-3557D4C29E1F}"
EndProject
Project("{FAE04EC0-301F-11D3-BF4B-00C04F79EFBC}") = "10", "10\10.csproj", "{7CEC110D-3C47-4F1A-AFED-DD167037187E}"
EndProject
Global
	GlobalSection(SolutionConfigurationPlatforms) = preSolution
		Debug|Any CPU = Debug|Any CPU
		Release|Any CPU = Release|Any CPU
	EndGlobalSection
	GlobalSection(ProjectConfigurationPlatforms) = postSolution
		{03ED2D8A-6CD0-4DCC-BD15-756D69DB9AAF}.Debug|Any CPU.ActiveCfg = Debug|Any CPU
		{03ED2D8A-6CD0-4DCC-BD15-756D69DB9AAF}.Debug|Any CPU.Build.0 = Debug|Any CPU
		{03ED2D8A-6CD0-4DCC-BD15-756D69DB9AAF}.Release|Any CPU.ActiveCfg = Release|Any CPU
		{03ED2D8A-6CD0-4DCC-BD15-756D69DB9AAF}.Release|Any CPU.Build.0 = Release|Any CPU
		{C33D189F-D48D-4344-A663-9ABDCAFD20E6}.Debug|Any CPU.ActiveCfg = Debug|Any CPU
		{C33D189F-D48D-4344-A663-9ABDCAFD20E6}.Debug|Any CPU.Build.0 = Debug|Any CPU
		{C33D189F-D48D-4344-A663-9ABDCAFD20E6}.Release|Any CPU.ActiveCfg = Release|Any CPU
		{C33D189F-D48D-4344-A663-9ABDCAFD20E6}.Release|Any CPU.Build.0 = Release|Any CPU
		{EB9B1CD7-498B-47A9-A364-2DCFC3A27DCD}.Debug|Any CPU.ActiveCfg = Debug|Any CPU
		{EB9B1CD7-498B-47A9-A364-2DCFC3A27DCD}.Debug|Any CPU.Build.0 = Debug|Any CPU
		{EB9B1CD7-498B-47A9-A364-2DCFC3A27DCD}.Release|Any CPU.ActiveCfg = Release|Any CPU
		{EB9B1CD7-498B-47A9-A364-2DCFC3A27DCD}.Release|Any CPU.Build.0 = Release|Any CPU
		{3F788FBA-327C-46E5-91BD-61B1E59E96C8}.Debug|Any CPU.ActiveCfg = Debug|Any CPU
		{3F788FBA-327C-46E5-91BD-61B1E59E96C8}.Debug|Any CPU.Build.0 = Debug|Any CPU
		{3F788FBA-327C-46E5-91BD-61B1E59E96C8}.Release|Any CPU.ActiveCfg = Release|Any CPU
		{3F788FBA-327C-46E5-91BD-61B1E59E96C8}.Release|Any CPU.Build.0 = Release|Any CPU
		{28B12E65-0827-47B1-98E0-43A0AB3F53BF}.Debug|Any CPU.ActiveCfg = Debug|Any CPU
		{28B12E65-0827-47B1-98E0-43A0AB3F53BF}.Debug|Any CPU.Build.0 = Debug|Any CPU
		{28B12E65-0827-47B1-98E0-43A0AB3F53BF}.Release|Any CPU.ActiveCfg = Release|Any CPU
		{28B12E65-0827-47B1-98E0-43A0AB3F53BF}.Release|Any CPU.Build.0 = Release|Any CPU
		{A74ECD1D-543F-4428-A15C-D0E150509EBC}.Debug|Any CPU.ActiveCfg = Debug|Any CPU
		{A74ECD1D-543F-4428-A15C-D0E150509EBC}.Debug|Any CPU.Build.0 = Debug|Any CPU
		{A74ECD1D-543F-4428-A15C-D0E150509EBC}.Release|Any CPU.ActiveCfg = Release|Any CPU
		{A74ECD1D-543F-4428-A15C-D0E150509EBC}.Release|Any CPU.Build.0 = Release|Any CPU
		{B3DE7EE4-AD1B-42D0-856C-8847FFDF52E0}.Debug|Any CPU.ActiveCfg = Debug|Any CPU
		{B3DE7EE4-AD1B-42D0-856C-8847FFDF52E0}.Debug|Any CPU.Build.0 = Debug|Any CPU
		{B3DE7EE4-AD1B-42D0-856C-8847FFDF52E0}.Release|Any CPU.ActiveCfg = Release|Any CPU
		{B3DE7EE4-AD1B-42D0-856C-8847FFDF52E0}.Release|Any CPU.Build.0 = Release|Any CPU
		{CDC990FF-1EE5-43A6-BF84-EAD4069B869E}.Debug|Any CPU.ActiveCfg = Debug|Any CPU
		{CDC990FF-1EE5-43A6-BF84-EAD4069B869E}.Debug|Any CPU.Build.0 = Debug|Any CPU
		{CDC990FF-1EE5-43A6-BF84-EAD4069B869E}.Release|Any CPU.ActiveCfg = Release|Any CPU
		{CDC990FF-1EE5-43A6-BF84-EAD4069B869E}.Release|Any CPU.Build.0 = Release|Any CPU
		{ECBF90B5-4D69-4D53-A897-3557D4C29E1F}.Debug|Any CPU.ActiveCfg = Debug|Any CPU
		{ECBF90B5-4D69-4D53-A897-3557D4C29E1F}.Debug|Any CPU.Build.0 = Debug|Any CPU
		{ECBF90B5-4D69-4D53-A897-3557D4C29E1F}.Release|Any CPU.ActiveCfg = Release|Any CPU
		{ECBF90B5-4D69-4D53-A897-3557D4C29E1F}.Release|Any CPU.Build.0 = Release|Any CPU
		{7CEC110D-3C47-4F1A-AFED-DD167037187E}.Debug|Any CPU.ActiveCfg = Debug|Any CPU
		{7CEC110D-3C47-4F1A-AFED-DD167037187E}.Debug|Any CPU.Build.0 = Debug|Any CPU
		{7CEC110D-3C47-4F1A-AFED-DD167037187E}.Release|Any CPU.ActiveCfg = Release|Any CPU
		{7CEC110D-3C47-4F1A-AFED-DD167037187E}.Release|Any CPU.Build.0 = Release|Any CPU
	EndGlobalSection
	GlobalSection(SolutionProperties) = preSolution
		HideSolutionNode = FALSE
	EndGlobalSection
	GlobalSection(ExtensibilityGlobals) = postSolution
		SolutionGuid = {3035011F-A895-4072-8AD0-B736EB5B785B}
	EndGlobalSection
EndGlobal
